
Microsoft Visual Studio Solution File, Format Version 12.00
# Visual Studio Version 17
VisualStudioVersion = 17.14.36603.0 d17.14
MinimumVisualStudioVersion = 10.0.40219.1
Project("{FAE04EC0-301F-11D3-BF4B-00C04F79EFBC}") = "CurrencyConverter", "CurrencyConverter\CurrencyConverter.csproj", "{3FBB12B8-7FDC-407D-BB18-489F20FD5F89}"
EndProject
Global
	GlobalSection(SolutionConfigurationPlatforms) = preSolution
		Debug|Any CPU = Debug|Any CPU
		Release|Any CPU = Release|Any CPU
	EndGlobalSection
	GlobalSection(ProjectConfigurationPlatforms) = postSolution
		{3FBB12B8-7FDC-407D-BB18-489F20FD5F89}.Debug|Any CPU.ActiveCfg = Debug|Any CPU
		{3FBB12B8-7FDC-407D-BB18-489F20FD5F89}.Debug|Any CPU.Build.0 = Debug|Any CPU
		{3FBB12B8-7FDC-407D-BB18-489F20FD5F89}.Release|Any CPU.ActiveCfg = Release|Any CPU
		{3FBB12B8-7FDC-407D-BB18-489F20FD5F89}.Release|Any CPU.Build.0 = Release|Any CPU
	EndGlobalSection
	GlobalSection(SolutionProperties) = preSolution
		HideSolutionNode = FALSE
	EndGlobalSection
	GlobalSection(ExtensibilityGlobals) = postSolution
		SolutionGuid = {74C7DC35-7C55-435B-A1B4-956107E27E0F}
	EndGlobalSection
EndGlobal
